
Microsoft Visual Studio Solution File, Format Version 12.00
# Visual Studio 15
VisualStudioVersion = 15.0.27004.2009
MinimumVisualStudioVersion = 10.0.40219.1
Project("{FAE04EC0-301F-11D3-BF4B-00C04F79EFBC}") = "Havuz-Problemi", "Havuz-Problemi\Havuz-Problemi.csproj", "{953331B4-48A6-4C32-9606-C725B0090216}"
EndProject
Global
	GlobalSection(SolutionConfigurationPlatforms) = preSolution
		Debug|Any CPU = Debug|Any CPU
		Release|Any CPU = Release|Any CPU
	EndGlobalSection
	GlobalSection(ProjectConfigurationPlatforms) = postSolution
		{953331B4-48A6-4C32-9606-C725B0090216}.Debug|Any CPU.ActiveCfg = Debug|Any CPU
		{953331B4-48A6-4C32-9606-C725B0090216}.Debug|Any CPU.Build.0 = Debug|Any CPU
		{953331B4-48A6-4C32-9606-C725B0090216}.Release|Any CPU.ActiveCfg = Release|Any CPU
		{953331B4-48A6-4C32-9606-C725B0090216}.Release|Any CPU.Build.0 = Release|Any CPU
	EndGlobalSection
	GlobalSection(SolutionProperties) = preSolution
		HideSolutionNode = FALSE
	EndGlobalSection
	GlobalSection(ExtensibilityGlobals) = postSolution
		SolutionGuid = {D09E339E-CFE5-4941-9D27-AC437D99B290}
	EndGlobalSection
EndGlobal
